// !$*UTF8*$!
{
	archiveVersion = 1;
	classes = {
	};
	objectVersion = 77;
	objects = {

/* Begin PBXBuildFile section */
		6BC735D42CCF12210017B13A /* WidgetKit.framework in Frameworks */ = {isa = PBXBuildFile; fileRef = 6BC735D32CCF12210017B13A /* WidgetKit.framework */; };
		6BC735D62CCF12210017B13A /* SwiftUI.framework in Frameworks */ = {isa = PBXBuildFile; fileRef = 6BC735D52CCF12210017B13A /* SwiftUI.framework */; };
		6BC735E32CCF12230017B13A /* Widget-ExtensionExtension.appex in Embed Foundation Extensions */ = {isa = PBXBuildFile; fileRef = 6BC735D12CCF12210017B13A /* Widget-ExtensionExtension.appex */; settings = {ATTRIBUTES = (RemoveHeadersOnCopy, ); }; };
		6BE872B12CCF1DDB00CECCC9 /* FirebaseAuth in Frameworks */ = {isa = PBXBuildFile; productRef = 6BE872B02CCF1DDB00CECCC9 /* FirebaseAuth */; };
		6BE872B32CCF1DED00CECCC9 /* FirebaseAnalytics in Frameworks */ = {isa = PBXBuildFile; productRef = 6BE872B22CCF1DED00CECCC9 /* FirebaseAnalytics */; };
		6BE872B52CCF1DED00CECCC9 /* FirebaseFirestore in Frameworks */ = {isa = PBXBuildFile; productRef = 6BE872B42CCF1DED00CECCC9 /* FirebaseFirestore */; };
		C1D092212CC3748F00E43436 /* FirebaseAnalytics in Frameworks */ = {isa = PBXBuildFile; productRef = C1D092202CC3748F00E43436 /* FirebaseAnalytics */; };
		C1D092232CC3748F00E43436 /* FirebaseAuth in Frameworks */ = {isa = PBXBuildFile; productRef = C1D092222CC3748F00E43436 /* FirebaseAuth */; };
		C1D092252CC3748F00E43436 /* FirebaseFirestore in Frameworks */ = {isa = PBXBuildFile; productRef = C1D092242CC3748F00E43436 /* FirebaseFirestore */; };
		CF55BF0F2CCF507100929F6B /* FirebaseStorage in Frameworks */ = {isa = PBXBuildFile; productRef = CF55BF0E2CCF507100929F6B /* FirebaseStorage */; };
/* End PBXBuildFile section */

/* Begin PBXContainerItemProxy section */
		6BC735E12CCF12230017B13A /* PBXContainerItemProxy */ = {
			isa = PBXContainerItemProxy;
			containerPortal = C1D091FF2CBFC23900E43436 /* Project object */;
			proxyType = 1;
			remoteGlobalIDString = 6BC735D02CCF12210017B13A;
			remoteInfo = "Widget-ExtensionExtension";
		};
/* End PBXContainerItemProxy section */

/* Begin PBXCopyFilesBuildPhase section */
		6BEF9AC42CCF11590072B869 /* Embed Foundation Extensions */ = {
			isa = PBXCopyFilesBuildPhase;
			buildActionMask = 2147483647;
			dstPath = "";
			dstSubfolderSpec = 13;
			files = (
				6BC735E32CCF12230017B13A /* Widget-ExtensionExtension.appex in Embed Foundation Extensions */,
			);
			name = "Embed Foundation Extensions";
			runOnlyForDeploymentPostprocessing = 0;
		};
/* End PBXCopyFilesBuildPhase section */

/* Begin PBXFileReference section */
		6BC735D12CCF12210017B13A /* Widget-ExtensionExtension.appex */ = {isa = PBXFileReference; explicitFileType = "wrapper.app-extension"; includeInIndex = 0; path = "Widget-ExtensionExtension.appex"; sourceTree = BUILT_PRODUCTS_DIR; };
		6BC735D32CCF12210017B13A /* WidgetKit.framework */ = {isa = PBXFileReference; lastKnownFileType = wrapper.framework; name = WidgetKit.framework; path = System/Library/Frameworks/WidgetKit.framework; sourceTree = SDKROOT; };
		6BC735D52CCF12210017B13A /* SwiftUI.framework */ = {isa = PBXFileReference; lastKnownFileType = wrapper.framework; name = SwiftUI.framework; path = System/Library/Frameworks/SwiftUI.framework; sourceTree = SDKROOT; };
		6BEF9AB92CCF11580072B869 /* Share-Extension.appex */ = {isa = PBXFileReference; explicitFileType = "wrapper.app-extension"; includeInIndex = 0; path = "Share-Extension.appex"; sourceTree = BUILT_PRODUCTS_DIR; };
		C1D092072CBFC23900E43436 /* Travel Journal App.app */ = {isa = PBXFileReference; explicitFileType = wrapper.application; includeInIndex = 0; path = "Travel Journal App.app"; sourceTree = BUILT_PRODUCTS_DIR; };
/* End PBXFileReference section */

/* Begin PBXFileSystemSynchronizedBuildFileExceptionSet section */
		6BC735E62CCF12230017B13A /* Exceptions for "Widget-Extension" folder in "Widget-ExtensionExtension" target */ = {
			isa = PBXFileSystemSynchronizedBuildFileExceptionSet;
			membershipExceptions = (
				Info.plist,
			);
			target = 6BC735D02CCF12210017B13A /* Widget-ExtensionExtension */;
		};
		6BE872A92CCF1B0A00CECCC9 /* Exceptions for "Travel Journal App" folder in "Share-Extension" target */ = {
			isa = PBXFileSystemSynchronizedBuildFileExceptionSet;
			membershipExceptions = (
				Components/AnimatedButton.swift,
				Components/CircularProfileImage.swift,
				Components/ClearButton.swift,
				Components/FilterButton.swift,
				Components/FloatingTextField.swift,
				Components/HeaderView.swift,
				Components/JournalRow.swift,
				Components/NonFloatingTextField.swift,
				Components/PlaceRow.swift,
				Helpers/AuthController.swift,
				Helpers/Debouncer.swift,
				Helpers/Extensions.swift,
				Helpers/FirebaseManager.swift,
				Helpers/NavigationController.swift,
				Models/Journal.swift,
				Models/JournalSwiftData.swift,
				Models/Place.swift,
				Models/User.swift,
				ViewModels/EditProfileViewModel.swift,
				ViewModels/JournalsViewModel.swift,
				ViewModels/LoginViewModel.swift,
				ViewModels/MapViewModel.swift,
				ViewModels/NewJournalViewModel.swift,
				ViewModels/RegistrationViewModel.swift,
				ViewModels/SettingsViewModel.swift,
				Views/ChangePasswordView.swift,
				Views/EditProfileView.swift,
				Views/JournalDetailedView.swift,
				Views/JournalsView.swift,
				Views/LoginView.swift,
				Views/MapView.swift,
				Views/NewJournalView.swift,
				Views/PlaceListView.swift,
				Views/RegistrationView.swift,
				Views/SettingsView.swift,
				Views/UserView.swift,
			);
			target = 6BEF9AB82CCF11580072B869 /* Share-Extension */;
		};
		6BEF9AC72CCF11590072B869 /* Exceptions for "Share-Extension" folder in "Share-Extension" target */ = {
			isa = PBXFileSystemSynchronizedBuildFileExceptionSet;
			membershipExceptions = (
				Info.plist,
			);
			target = 6BEF9AB82CCF11580072B869 /* Share-Extension */;
		};
/* End PBXFileSystemSynchronizedBuildFileExceptionSet section */

/* Begin PBXFileSystemSynchronizedRootGroup section */
		6BC735D72CCF12210017B13A /* Widget-Extension */ = {
			isa = PBXFileSystemSynchronizedRootGroup;
			exceptions = (
				6BC735E62CCF12230017B13A /* Exceptions for "Widget-Extension" folder in "Widget-ExtensionExtension" target */,
			);
			path = "Widget-Extension";
			sourceTree = "<group>";
		};
		6BEF9ABA2CCF11580072B869 /* Share-Extension */ = {
			isa = PBXFileSystemSynchronizedRootGroup;
			exceptions = (
				6BEF9AC72CCF11590072B869 /* Exceptions for "Share-Extension" folder in "Share-Extension" target */,
			);
			path = "Share-Extension";
			sourceTree = "<group>";
		};
		C1D092092CBFC23900E43436 /* Travel Journal App */ = {
			isa = PBXFileSystemSynchronizedRootGroup;
			exceptions = (
				6BE872A92CCF1B0A00CECCC9 /* Exceptions for "Travel Journal App" folder in "Share-Extension" target */,
			);
			path = "Travel Journal App";
			sourceTree = "<group>";
		};
/* End PBXFileSystemSynchronizedRootGroup section */

/* Begin PBXFrameworksBuildPhase section */
		6BC735CE2CCF12210017B13A /* Frameworks */ = {
			isa = PBXFrameworksBuildPhase;
			buildActionMask = 2147483647;
			files = (
				6BC735D62CCF12210017B13A /* SwiftUI.framework in Frameworks */,
				6BC735D42CCF12210017B13A /* WidgetKit.framework in Frameworks */,
			);
			runOnlyForDeploymentPostprocessing = 0;
		};
		6BEF9AB62CCF11580072B869 /* Frameworks */ = {
			isa = PBXFrameworksBuildPhase;
			buildActionMask = 2147483647;
			files = (
				6BE872B32CCF1DED00CECCC9 /* FirebaseAnalytics in Frameworks */,
				6BE872B12CCF1DDB00CECCC9 /* FirebaseAuth in Frameworks */,
				6BE872B52CCF1DED00CECCC9 /* FirebaseFirestore in Frameworks */,
			);
			runOnlyForDeploymentPostprocessing = 0;
		};
		C1D092042CBFC23900E43436 /* Frameworks */ = {
			isa = PBXFrameworksBuildPhase;
			buildActionMask = 2147483647;
			files = (
				C1D092212CC3748F00E43436 /* FirebaseAnalytics in Frameworks */,
				CF55BF0F2CCF507100929F6B /* FirebaseStorage in Frameworks */,
				C1D092232CC3748F00E43436 /* FirebaseAuth in Frameworks */,
				C1D092252CC3748F00E43436 /* FirebaseFirestore in Frameworks */,
			);
			runOnlyForDeploymentPostprocessing = 0;
		};
/* End PBXFrameworksBuildPhase section */

/* Begin PBXGroup section */
		6BC735D22CCF12210017B13A /* Frameworks */ = {
			isa = PBXGroup;
			children = (
				6BC735D32CCF12210017B13A /* WidgetKit.framework */,
				6BC735D52CCF12210017B13A /* SwiftUI.framework */,
			);
			name = Frameworks;
			sourceTree = "<group>";
		};
		C1D091FE2CBFC23900E43436 = {
			isa = PBXGroup;
			children = (
				C1D092092CBFC23900E43436 /* Travel Journal App */,
				6BEF9ABA2CCF11580072B869 /* Share-Extension */,
				6BC735D72CCF12210017B13A /* Widget-Extension */,
				6BC735D22CCF12210017B13A /* Frameworks */,
				C1D092082CBFC23900E43436 /* Products */,
			);
			sourceTree = "<group>";
		};
		C1D092082CBFC23900E43436 /* Products */ = {
			isa = PBXGroup;
			children = (
				C1D092072CBFC23900E43436 /* Travel Journal App.app */,
				6BEF9AB92CCF11580072B869 /* Share-Extension.appex */,
				6BC735D12CCF12210017B13A /* Widget-ExtensionExtension.appex */,
			);
			name = Products;
			sourceTree = "<group>";
		};
/* End PBXGroup section */

/* Begin PBXNativeTarget section */
		6BC735D02CCF12210017B13A /* Widget-ExtensionExtension */ = {
			isa = PBXNativeTarget;
			buildConfigurationList = 6BC735E72CCF12230017B13A /* Build configuration list for PBXNativeTarget "Widget-ExtensionExtension" */;
			buildPhases = (
				6BC735CD2CCF12210017B13A /* Sources */,
				6BC735CE2CCF12210017B13A /* Frameworks */,
				6BC735CF2CCF12210017B13A /* Resources */,
			);
			buildRules = (
			);
			dependencies = (
			);
			fileSystemSynchronizedGroups = (
				6BC735D72CCF12210017B13A /* Widget-Extension */,
			);
			name = "Widget-ExtensionExtension";
			packageProductDependencies = (
			);
			productName = "Widget-ExtensionExtension";
			productReference = 6BC735D12CCF12210017B13A /* Widget-ExtensionExtension.appex */;
			productType = "com.apple.product-type.app-extension";
		};
		6BEF9AB82CCF11580072B869 /* Share-Extension */ = {
			isa = PBXNativeTarget;
			buildConfigurationList = 6BEF9AC82CCF11590072B869 /* Build configuration list for PBXNativeTarget "Share-Extension" */;
			buildPhases = (
				6BEF9AB52CCF11580072B869 /* Sources */,
				6BEF9AB62CCF11580072B869 /* Frameworks */,
				6BEF9AB72CCF11580072B869 /* Resources */,
			);
			buildRules = (
			);
			dependencies = (
			);
			fileSystemSynchronizedGroups = (
				6BEF9ABA2CCF11580072B869 /* Share-Extension */,
			);
			name = "Share-Extension";
			packageProductDependencies = (
				6BE872B02CCF1DDB00CECCC9 /* FirebaseAuth */,
				6BE872B22CCF1DED00CECCC9 /* FirebaseAnalytics */,
				6BE872B42CCF1DED00CECCC9 /* FirebaseFirestore */,
			);
			productName = "Share-Extension";
			productReference = 6BEF9AB92CCF11580072B869 /* Share-Extension.appex */;
			productType = "com.apple.product-type.app-extension";
		};
		C1D092062CBFC23900E43436 /* Travel Journal App */ = {
			isa = PBXNativeTarget;
			buildConfigurationList = C1D0921A2CBFC23A00E43436 /* Build configuration list for PBXNativeTarget "Travel Journal App" */;
			buildPhases = (
				C1D092032CBFC23900E43436 /* Sources */,
				C1D092042CBFC23900E43436 /* Frameworks */,
				C1D092052CBFC23900E43436 /* Resources */,
				6BEF9AC42CCF11590072B869 /* Embed Foundation Extensions */,
			);
			buildRules = (
			);
			dependencies = (
				6BC735E22CCF12230017B13A /* PBXTargetDependency */,
			);
			fileSystemSynchronizedGroups = (
				C1D092092CBFC23900E43436 /* Travel Journal App */,
			);
			name = "Travel Journal App";
			packageProductDependencies = (
				C1D092202CC3748F00E43436 /* FirebaseAnalytics */,
				C1D092222CC3748F00E43436 /* FirebaseAuth */,
				C1D092242CC3748F00E43436 /* FirebaseFirestore */,
				CF55BF0E2CCF507100929F6B /* FirebaseStorage */,
			);
			productName = "Travel Journal App";
			productReference = C1D092072CBFC23900E43436 /* Travel Journal App.app */;
			productType = "com.apple.product-type.application";
		};
/* End PBXNativeTarget section */

/* Begin PBXProject section */
		C1D091FF2CBFC23900E43436 /* Project object */ = {
			isa = PBXProject;
			attributes = {
				BuildIndependentTargetsInParallel = 1;
				LastSwiftUpdateCheck = 1600;
				LastUpgradeCheck = 1600;
				TargetAttributes = {
					6BC735D02CCF12210017B13A = {
						CreatedOnToolsVersion = 16.0;
					};
					6BEF9AB82CCF11580072B869 = {
						CreatedOnToolsVersion = 16.0;
					};
					C1D092062CBFC23900E43436 = {
						CreatedOnToolsVersion = 16.0;
					};
				};
			};
			buildConfigurationList = C1D092022CBFC23900E43436 /* Build configuration list for PBXProject "Travel Journal App" */;
			developmentRegion = en;
			hasScannedForEncodings = 0;
			knownRegions = (
				en,
				Base,
			);
			mainGroup = C1D091FE2CBFC23900E43436;
			minimizedProjectReferenceProxies = 1;
			packageReferences = (
				C1D0921F2CC3748F00E43436 /* XCRemoteSwiftPackageReference "firebase-ios-sdk" */,
			);
			preferredProjectObjectVersion = 77;
			productRefGroup = C1D092082CBFC23900E43436 /* Products */;
			projectDirPath = "";
			projectRoot = "";
			targets = (
				C1D092062CBFC23900E43436 /* Travel Journal App */,
				6BEF9AB82CCF11580072B869 /* Share-Extension */,
				6BC735D02CCF12210017B13A /* Widget-ExtensionExtension */,
			);
		};
/* End PBXProject section */

/* Begin PBXResourcesBuildPhase section */
		6BC735CF2CCF12210017B13A /* Resources */ = {
			isa = PBXResourcesBuildPhase;
			buildActionMask = 2147483647;
			files = (
			);
			runOnlyForDeploymentPostprocessing = 0;
		};
		6BEF9AB72CCF11580072B869 /* Resources */ = {
			isa = PBXResourcesBuildPhase;
			buildActionMask = 2147483647;
			files = (
			);
			runOnlyForDeploymentPostprocessing = 0;
		};
		C1D092052CBFC23900E43436 /* Resources */ = {
			isa = PBXResourcesBuildPhase;
			buildActionMask = 2147483647;
			files = (
			);
			runOnlyForDeploymentPostprocessing = 0;
		};
/* End PBXResourcesBuildPhase section */

/* Begin PBXSourcesBuildPhase section */
		6BC735CD2CCF12210017B13A /* Sources */ = {
			isa = PBXSourcesBuildPhase;
			buildActionMask = 2147483647;
			files = (
			);
			runOnlyForDeploymentPostprocessing = 0;
		};
		6BEF9AB52CCF11580072B869 /* Sources */ = {
			isa = PBXSourcesBuildPhase;
			buildActionMask = 2147483647;
			files = (
			);
			runOnlyForDeploymentPostprocessing = 0;
		};
		C1D092032CBFC23900E43436 /* Sources */ = {
			isa = PBXSourcesBuildPhase;
			buildActionMask = 2147483647;
			files = (
			);
			runOnlyForDeploymentPostprocessing = 0;
		};
/* End PBXSourcesBuildPhase section */

/* Begin PBXTargetDependency section */
		6BC735E22CCF12230017B13A /* PBXTargetDependency */ = {
			isa = PBXTargetDependency;
			target = 6BC735D02CCF12210017B13A /* Widget-ExtensionExtension */;
			targetProxy = 6BC735E12CCF12230017B13A /* PBXContainerItemProxy */;
		};
/* End PBXTargetDependency section */

/* Begin XCBuildConfiguration section */
		6BC735E42CCF12230017B13A /* Debug */ = {
			isa = XCBuildConfiguration;
			buildSettings = {
				ASSETCATALOG_COMPILER_GLOBAL_ACCENT_COLOR_NAME = AccentColor;
				ASSETCATALOG_COMPILER_WIDGET_BACKGROUND_COLOR_NAME = WidgetBackground;
				CODE_SIGN_STYLE = Automatic;
				CURRENT_PROJECT_VERSION = 1;
				GENERATE_INFOPLIST_FILE = YES;
				INFOPLIST_FILE = "Widget-Extension/Info.plist";
				INFOPLIST_KEY_CFBundleDisplayName = "Widget-Extension";
				INFOPLIST_KEY_NSHumanReadableCopyright = "";
				LD_RUNPATH_SEARCH_PATHS = (
					"$(inherited)",
					"@executable_path/Frameworks",
					"@executable_path/../../Frameworks",
				);
				MARKETING_VERSION = 1.0;
				PRODUCT_BUNDLE_IDENTIFIER = "UTS.Travel-Journal-App.Widget-Extension";
				PRODUCT_NAME = "$(TARGET_NAME)";
				SKIP_INSTALL = YES;
				SWIFT_EMIT_LOC_STRINGS = YES;
				SWIFT_VERSION = 5.0;
				TARGETED_DEVICE_FAMILY = "1,2";
			};
			name = Debug;
		};
		6BC735E52CCF12230017B13A /* Release */ = {
			isa = XCBuildConfiguration;
			buildSettings = {
				ASSETCATALOG_COMPILER_GLOBAL_ACCENT_COLOR_NAME = AccentColor;
				ASSETCATALOG_COMPILER_WIDGET_BACKGROUND_COLOR_NAME = WidgetBackground;
				CODE_SIGN_STYLE = Automatic;
				CURRENT_PROJECT_VERSION = 1;
				GENERATE_INFOPLIST_FILE = YES;
				INFOPLIST_FILE = "Widget-Extension/Info.plist";
				INFOPLIST_KEY_CFBundleDisplayName = "Widget-Extension";
				INFOPLIST_KEY_NSHumanReadableCopyright = "";
				LD_RUNPATH_SEARCH_PATHS = (
					"$(inherited)",
					"@executable_path/Frameworks",
					"@executable_path/../../Frameworks",
				);
				MARKETING_VERSION = 1.0;
				PRODUCT_BUNDLE_IDENTIFIER = "UTS.Travel-Journal-App.Widget-Extension";
				PRODUCT_NAME = "$(TARGET_NAME)";
				SKIP_INSTALL = YES;
				SWIFT_EMIT_LOC_STRINGS = YES;
				SWIFT_VERSION = 5.0;
				TARGETED_DEVICE_FAMILY = "1,2";
			};
			name = Release;
		};
		6BEF9AC52CCF11590072B869 /* Debug */ = {
			isa = XCBuildConfiguration;
			buildSettings = {
				CODE_SIGN_STYLE = Automatic;
				CURRENT_PROJECT_VERSION = 1;
				GENERATE_INFOPLIST_FILE = YES;
				INFOPLIST_FILE = "Share-Extension/Info.plist";
				INFOPLIST_KEY_CFBundleDisplayName = "Share-Extension";
				INFOPLIST_KEY_NSHumanReadableCopyright = "";
				LD_RUNPATH_SEARCH_PATHS = (
					"$(inherited)",
					"@executable_path/Frameworks",
					"@executable_path/../../Frameworks",
				);
				MARKETING_VERSION = 1.0;
				PRODUCT_BUNDLE_IDENTIFIER = "UTS.Travel-Journal-App.Share-Extension";
				PRODUCT_NAME = "$(TARGET_NAME)";
				SKIP_INSTALL = YES;
				SWIFT_EMIT_LOC_STRINGS = YES;
				SWIFT_VERSION = 5.0;
				TARGETED_DEVICE_FAMILY = "1,2";
			};
			name = Debug;
		};
		6BEF9AC62CCF11590072B869 /* Release */ = {
			isa = XCBuildConfiguration;
			buildSettings = {
				CODE_SIGN_STYLE = Automatic;
				CURRENT_PROJECT_VERSION = 1;
				GENERATE_INFOPLIST_FILE = YES;
				INFOPLIST_FILE = "Share-Extension/Info.plist";
				INFOPLIST_KEY_CFBundleDisplayName = "Share-Extension";
				INFOPLIST_KEY_NSHumanReadableCopyright = "";
				LD_RUNPATH_SEARCH_PATHS = (
					"$(inherited)",
					"@executable_path/Frameworks",
					"@executable_path/../../Frameworks",
				);
				MARKETING_VERSION = 1.0;
				PRODUCT_BUNDLE_IDENTIFIER = "UTS.Travel-Journal-App.Share-Extension";
				PRODUCT_NAME = "$(TARGET_NAME)";
				SKIP_INSTALL = YES;
				SWIFT_EMIT_LOC_STRINGS = YES;
				SWIFT_VERSION = 5.0;
				TARGETED_DEVICE_FAMILY = "1,2";
			};
			name = Release;
		};
		C1D092182CBFC23A00E43436 /* Debug */ = {
			isa = XCBuildConfiguration;
			buildSettings = {
				ALWAYS_SEARCH_USER_PATHS = NO;
				ASSETCATALOG_COMPILER_GENERATE_SWIFT_ASSET_SYMBOL_EXTENSIONS = YES;
				CLANG_ANALYZER_NONNULL = YES;
				CLANG_ANALYZER_NUMBER_OBJECT_CONVERSION = YES_AGGRESSIVE;
				CLANG_CXX_LANGUAGE_STANDARD = "gnu++20";
				CLANG_ENABLE_MODULES = YES;
				CLANG_ENABLE_OBJC_ARC = YES;
				CLANG_ENABLE_OBJC_WEAK = YES;
				CLANG_WARN_BLOCK_CAPTURE_AUTORELEASING = YES;
				CLANG_WARN_BOOL_CONVERSION = YES;
				CLANG_WARN_COMMA = YES;
				CLANG_WARN_CONSTANT_CONVERSION = YES;
				CLANG_WARN_DEPRECATED_OBJC_IMPLEMENTATIONS = YES;
				CLANG_WARN_DIRECT_OBJC_ISA_USAGE = YES_ERROR;
				CLANG_WARN_DOCUMENTATION_COMMENTS = YES;
				CLANG_WARN_EMPTY_BODY = YES;
				CLANG_WARN_ENUM_CONVERSION = YES;
				CLANG_WARN_INFINITE_RECURSION = YES;
				CLANG_WARN_INT_CONVERSION = YES;
				CLANG_WARN_NON_LITERAL_NULL_CONVERSION = YES;
				CLANG_WARN_OBJC_IMPLICIT_RETAIN_SELF = YES;
				CLANG_WARN_OBJC_LITERAL_CONVERSION = YES;
				CLANG_WARN_OBJC_ROOT_CLASS = YES_ERROR;
				CLANG_WARN_QUOTED_INCLUDE_IN_FRAMEWORK_HEADER = YES;
				CLANG_WARN_RANGE_LOOP_ANALYSIS = YES;
				CLANG_WARN_STRICT_PROTOTYPES = YES;
				CLANG_WARN_SUSPICIOUS_MOVE = YES;
				CLANG_WARN_UNGUARDED_AVAILABILITY = YES_AGGRESSIVE;
				CLANG_WARN_UNREACHABLE_CODE = YES;
				CLANG_WARN__DUPLICATE_METHOD_MATCH = YES;
				COPY_PHASE_STRIP = NO;
				DEBUG_INFORMATION_FORMAT = dwarf;
				ENABLE_STRICT_OBJC_MSGSEND = YES;
				ENABLE_TESTABILITY = YES;
				ENABLE_USER_SCRIPT_SANDBOXING = YES;
				GCC_C_LANGUAGE_STANDARD = gnu17;
				GCC_DYNAMIC_NO_PIC = NO;
				GCC_NO_COMMON_BLOCKS = YES;
				GCC_OPTIMIZATION_LEVEL = 0;
				GCC_PREPROCESSOR_DEFINITIONS = (
					"DEBUG=1",
					"$(inherited)",
				);
				GCC_WARN_64_TO_32_BIT_CONVERSION = YES;
				GCC_WARN_ABOUT_RETURN_TYPE = YES_ERROR;
				GCC_WARN_UNDECLARED_SELECTOR = YES;
				GCC_WARN_UNINITIALIZED_AUTOS = YES_AGGRESSIVE;
				GCC_WARN_UNUSED_FUNCTION = YES;
				GCC_WARN_UNUSED_VARIABLE = YES;
				IPHONEOS_DEPLOYMENT_TARGET = 18.0;
				LOCALIZATION_PREFERS_STRING_CATALOGS = YES;
				MTL_ENABLE_DEBUG_INFO = INCLUDE_SOURCE;
				MTL_FAST_MATH = YES;
				ONLY_ACTIVE_ARCH = YES;
				SDKROOT = iphoneos;
				SWIFT_ACTIVE_COMPILATION_CONDITIONS = "DEBUG $(inherited)";
				SWIFT_OPTIMIZATION_LEVEL = "-Onone";
			};
			name = Debug;
		};
		C1D092192CBFC23A00E43436 /* Release */ = {
			isa = XCBuildConfiguration;
			buildSettings = {
				ALWAYS_SEARCH_USER_PATHS = NO;
				ASSETCATALOG_COMPILER_GENERATE_SWIFT_ASSET_SYMBOL_EXTENSIONS = YES;
				CLANG_ANALYZER_NONNULL = YES;
				CLANG_ANALYZER_NUMBER_OBJECT_CONVERSION = YES_AGGRESSIVE;
				CLANG_CXX_LANGUAGE_STANDARD = "gnu++20";
				CLANG_ENABLE_MODULES = YES;
				CLANG_ENABLE_OBJC_ARC = YES;
				CLANG_ENABLE_OBJC_WEAK = YES;
				CLANG_WARN_BLOCK_CAPTURE_AUTORELEASING = YES;
				CLANG_WARN_BOOL_CONVERSION = YES;
				CLANG_WARN_COMMA = YES;
				CLANG_WARN_CONSTANT_CONVERSION = YES;
				CLANG_WARN_DEPRECATED_OBJC_IMPLEMENTATIONS = YES;
				CLANG_WARN_DIRECT_OBJC_ISA_USAGE = YES_ERROR;
				CLANG_WARN_DOCUMENTATION_COMMENTS = YES;
				CLANG_WARN_EMPTY_BODY = YES;
				CLANG_WARN_ENUM_CONVERSION = YES;
				CLANG_WARN_INFINITE_RECURSION = YES;
				CLANG_WARN_INT_CONVERSION = YES;
				CLANG_WARN_NON_LITERAL_NULL_CONVERSION = YES;
				CLANG_WARN_OBJC_IMPLICIT_RETAIN_SELF = YES;
				CLANG_WARN_OBJC_LITERAL_CONVERSION = YES;
				CLANG_WARN_OBJC_ROOT_CLASS = YES_ERROR;
				CLANG_WARN_QUOTED_INCLUDE_IN_FRAMEWORK_HEADER = YES;
				CLANG_WARN_RANGE_LOOP_ANALYSIS = YES;
				CLANG_WARN_STRICT_PROTOTYPES = YES;
				CLANG_WARN_SUSPICIOUS_MOVE = YES;
				CLANG_WARN_UNGUARDED_AVAILABILITY = YES_AGGRESSIVE;
				CLANG_WARN_UNREACHABLE_CODE = YES;
				CLANG_WARN__DUPLICATE_METHOD_MATCH = YES;
				COPY_PHASE_STRIP = NO;
				DEBUG_INFORMATION_FORMAT = "dwarf-with-dsym";
				ENABLE_NS_ASSERTIONS = NO;
				ENABLE_STRICT_OBJC_MSGSEND = YES;
				ENABLE_USER_SCRIPT_SANDBOXING = YES;
				GCC_C_LANGUAGE_STANDARD = gnu17;
				GCC_NO_COMMON_BLOCKS = YES;
				GCC_WARN_64_TO_32_BIT_CONVERSION = YES;
				GCC_WARN_ABOUT_RETURN_TYPE = YES_ERROR;
				GCC_WARN_UNDECLARED_SELECTOR = YES;
				GCC_WARN_UNINITIALIZED_AUTOS = YES_AGGRESSIVE;
				GCC_WARN_UNUSED_FUNCTION = YES;
				GCC_WARN_UNUSED_VARIABLE = YES;
				IPHONEOS_DEPLOYMENT_TARGET = 18.0;
				LOCALIZATION_PREFERS_STRING_CATALOGS = YES;
				MTL_ENABLE_DEBUG_INFO = NO;
				MTL_FAST_MATH = YES;
				SDKROOT = iphoneos;
				SWIFT_COMPILATION_MODE = wholemodule;
				VALIDATE_PRODUCT = YES;
			};
			name = Release;
		};
		C1D0921B2CBFC23A00E43436 /* Debug */ = {
			isa = XCBuildConfiguration;
			buildSettings = {
				ASSETCATALOG_COMPILER_APPICON_NAME = AppIcon;
				ASSETCATALOG_COMPILER_GLOBAL_ACCENT_COLOR_NAME = AccentColor;
				CODE_SIGN_STYLE = Automatic;
				CURRENT_PROJECT_VERSION = 1;
				DEVELOPMENT_ASSET_PATHS = "\"Travel Journal App/Preview Content\"";
				ENABLE_PREVIEWS = YES;
				GENERATE_INFOPLIST_FILE = YES;
				INFOPLIST_KEY_UIApplicationSceneManifest_Generation = YES;
				INFOPLIST_KEY_UIApplicationSupportsIndirectInputEvents = YES;
				INFOPLIST_KEY_UILaunchScreen_Generation = YES;
				INFOPLIST_KEY_UISupportedInterfaceOrientations_iPad = "UIInterfaceOrientationPortrait UIInterfaceOrientationPortraitUpsideDown UIInterfaceOrientationLandscapeLeft UIInterfaceOrientationLandscapeRight";
				INFOPLIST_KEY_UISupportedInterfaceOrientations_iPhone = "UIInterfaceOrientationPortrait UIInterfaceOrientationLandscapeLeft UIInterfaceOrientationLandscapeRight";
				IPHONEOS_DEPLOYMENT_TARGET = 17.6;
				LD_RUNPATH_SEARCH_PATHS = (
					"$(inherited)",
					"@executable_path/Frameworks",
				);
				MARKETING_VERSION = 1.0;
				PRODUCT_BUNDLE_IDENTIFIER = "UTS.Travel-Journal-App";
				PRODUCT_NAME = "$(TARGET_NAME)";
				SWIFT_EMIT_LOC_STRINGS = YES;
				SWIFT_VERSION = 5.0;
				TARGETED_DEVICE_FAMILY = "1,2";
			};
			name = Debug;
		};
		C1D0921C2CBFC23A00E43436 /* Release */ = {
			isa = XCBuildConfiguration;
			buildSettings = {
				ASSETCATALOG_COMPILER_APPICON_NAME = AppIcon;
				ASSETCATALOG_COMPILER_GLOBAL_ACCENT_COLOR_NAME = AccentColor;
				CODE_SIGN_STYLE = Automatic;
				CURRENT_PROJECT_VERSION = 1;
				DEVELOPMENT_ASSET_PATHS = "\"Travel Journal App/Preview Content\"";
				ENABLE_PREVIEWS = YES;
				GENERATE_INFOPLIST_FILE = YES;
				INFOPLIST_KEY_UIApplicationSceneManifest_Generation = YES;
				INFOPLIST_KEY_UIApplicationSupportsIndirectInputEvents = YES;
				INFOPLIST_KEY_UILaunchScreen_Generation = YES;
				INFOPLIST_KEY_UISupportedInterfaceOrientations_iPad = "UIInterfaceOrientationPortrait UIInterfaceOrientationPortraitUpsideDown UIInterfaceOrientationLandscapeLeft UIInterfaceOrientationLandscapeRight";
				INFOPLIST_KEY_UISupportedInterfaceOrientations_iPhone = "UIInterfaceOrientationPortrait UIInterfaceOrientationLandscapeLeft UIInterfaceOrientationLandscapeRight";
				IPHONEOS_DEPLOYMENT_TARGET = 17.6;
				LD_RUNPATH_SEARCH_PATHS = (
					"$(inherited)",
					"@executable_path/Frameworks",
				);
				MARKETING_VERSION = 1.0;
				PRODUCT_BUNDLE_IDENTIFIER = "UTS.Travel-Journal-App";
				PRODUCT_NAME = "$(TARGET_NAME)";
				SWIFT_EMIT_LOC_STRINGS = YES;
				SWIFT_VERSION = 5.0;
				TARGETED_DEVICE_FAMILY = "1,2";
			};
			name = Release;
		};
/* End XCBuildConfiguration section */

/* Begin XCConfigurationList section */
		6BC735E72CCF12230017B13A /* Build configuration list for PBXNativeTarget "Widget-ExtensionExtension" */ = {
			isa = XCConfigurationList;
			buildConfigurations = (
				6BC735E42CCF12230017B13A /* Debug */,
				6BC735E52CCF12230017B13A /* Release */,
			);
			defaultConfigurationIsVisible = 0;
			defaultConfigurationName = Release;
		};
		6BEF9AC82CCF11590072B869 /* Build configuration list for PBXNativeTarget "Share-Extension" */ = {
			isa = XCConfigurationList;
			buildConfigurations = (
				6BEF9AC52CCF11590072B869 /* Debug */,
				6BEF9AC62CCF11590072B869 /* Release */,
			);
			defaultConfigurationIsVisible = 0;
			defaultConfigurationName = Release;
		};
		C1D092022CBFC23900E43436 /* Build configuration list for PBXProject "Travel Journal App" */ = {
			isa = XCConfigurationList;
			buildConfigurations = (
				C1D092182CBFC23A00E43436 /* Debug */,
				C1D092192CBFC23A00E43436 /* Release */,
			);
			defaultConfigurationIsVisible = 0;
			defaultConfigurationName = Release;
		};
		C1D0921A2CBFC23A00E43436 /* Build configuration list for PBXNativeTarget "Travel Journal App" */ = {
			isa = XCConfigurationList;
			buildConfigurations = (
				C1D0921B2CBFC23A00E43436 /* Debug */,
				C1D0921C2CBFC23A00E43436 /* Release */,
			);
			defaultConfigurationIsVisible = 0;
			defaultConfigurationName = Release;
		};
/* End XCConfigurationList section */

/* Begin XCRemoteSwiftPackageReference section */
		C1D0921F2CC3748F00E43436 /* XCRemoteSwiftPackageReference "firebase-ios-sdk" */ = {
			isa = XCRemoteSwiftPackageReference;
			repositoryURL = "https://github.com/firebase/firebase-ios-sdk.git";
			requirement = {
				kind = upToNextMajorVersion;
				minimumVersion = 11.3.0;
			};
		};
/* End XCRemoteSwiftPackageReference section */

/* Begin XCSwiftPackageProductDependency section */
		6BE872B02CCF1DDB00CECCC9 /* FirebaseAuth */ = {
			isa = XCSwiftPackageProductDependency;
			package = C1D0921F2CC3748F00E43436 /* XCRemoteSwiftPackageReference "firebase-ios-sdk" */;
			productName = FirebaseAuth;
		};
		6BE872B22CCF1DED00CECCC9 /* FirebaseAnalytics */ = {
			isa = XCSwiftPackageProductDependency;
			package = C1D0921F2CC3748F00E43436 /* XCRemoteSwiftPackageReference "firebase-ios-sdk" */;
			productName = FirebaseAnalytics;
		};
		6BE872B42CCF1DED00CECCC9 /* FirebaseFirestore */ = {
			isa = XCSwiftPackageProductDependency;
			package = C1D0921F2CC3748F00E43436 /* XCRemoteSwiftPackageReference "firebase-ios-sdk" */;
			productName = FirebaseFirestore;
		};
		C1D092202CC3748F00E43436 /* FirebaseAnalytics */ = {
			isa = XCSwiftPackageProductDependency;
			package = C1D0921F2CC3748F00E43436 /* XCRemoteSwiftPackageReference "firebase-ios-sdk" */;
			productName = FirebaseAnalytics;
		};
		C1D092222CC3748F00E43436 /* FirebaseAuth */ = {
			isa = XCSwiftPackageProductDependency;
			package = C1D0921F2CC3748F00E43436 /* XCRemoteSwiftPackageReference "firebase-ios-sdk" */;
			productName = FirebaseAuth;
		};
		C1D092242CC3748F00E43436 /* FirebaseFirestore */ = {
			isa = XCSwiftPackageProductDependency;
			package = C1D0921F2CC3748F00E43436 /* XCRemoteSwiftPackageReference "firebase-ios-sdk" */;
			productName = FirebaseFirestore;
		};
		CF55BF0E2CCF507100929F6B /* FirebaseStorage */ = {
			isa = XCSwiftPackageProductDependency;
			package = C1D0921F2CC3748F00E43436 /* XCRemoteSwiftPackageReference "firebase-ios-sdk" */;
			productName = FirebaseStorage;
		};
/* End XCSwiftPackageProductDependency section */
	};
	rootObject = C1D091FF2CBFC23900E43436 /* Project object */;
}
